Microsoft Visual Studio Solution File, Format Version 12.00
# Visual Studio 2012
Project("{8BC9CEB8-8B4A-11D0-8D11-00A0C91BC942}") = "i2e_user_reconstruction", "i2e_user_reconstruction.vcxproj", "{7FD42DF7-442E-479A-BA76-D0022F99702A}"
	ProjectSection(ProjectDependencies) = postProject
		{A6803D3A-00AC-4DC2-BEAE-3A6FF31A97FA} = {A6803D3A-00AC-4DC2-BEAE-3A6FF31A97FA}
		{D51D384A-CA4A-4A52-A97B-7A28617D347D} = {D51D384A-CA4A-4A52-A97B-7A28617D347D}
	EndProjectSection
EndProject
Project("{8BC9CEB8-8B4A-11D0-8D11-00A0C91BC942}") = "openframeworksLib", "..\..\..\libs\openFrameworksCompiled\project\vs\openframeworksLib.vcxproj", "{5837595D-ACA9-485C-8E76-729040CE4B0B}"
EndProject
Project("{8BC9CEB8-8B4A-11D0-8D11-00A0C91BC942}") = "ALL_BUILD", "librecon\build\ALL_BUILD.vcxproj", "{C4EB29BF-D932-4771-984B-7ED6B70A6C90}"
	ProjectSection(ProjectDependencies) = postProject
		{A6803D3A-00AC-4DC2-BEAE-3A6FF31A97FA} = {A6803D3A-00AC-4DC2-BEAE-3A6FF31A97FA}
		{28819242-B803-4CC8-811C-C24E5E98128E} = {28819242-B803-4CC8-811C-C24E5E98128E}
		{D51D384A-CA4A-4A52-A97B-7A28617D347D} = {D51D384A-CA4A-4A52-A97B-7A28617D347D}
	EndProjectSection
EndProject
Project("{8BC9CEB8-8B4A-11D0-8D11-00A0C91BC942}") = "INSTALL", "librecon\build\INSTALL.vcxproj", "{85A7172F-6192-4F2B-8626-40C5E4AC5FB3}"
	ProjectSection(ProjectDependencies) = postProject
		{C4EB29BF-D932-4771-984B-7ED6B70A6C90} = {C4EB29BF-D932-4771-984B-7ED6B70A6C90}
	EndProjectSection
EndProject
Project("{8BC9CEB8-8B4A-11D0-8D11-00A0C91BC942}") = "ZERO_CHECK", "librecon\build\ZERO_CHECK.vcxproj", "{28819242-B803-4CC8-811C-C24E5E98128E}"
EndProject
Project("{8BC9CEB8-8B4A-11D0-8D11-00A0C91BC942}") = "docs", "librecon\build\docs.vcxproj", "{C9DEF01C-1E0E-428C-99C4-5FD5C95273F6}"
	ProjectSection(ProjectDependencies) = postProject
		{28819242-B803-4CC8-811C-C24E5E98128E} = {28819242-B803-4CC8-811C-C24E5E98128E}
	EndProjectSection
EndProject
Project("{8BC9CEB8-8B4A-11D0-8D11-00A0C91BC942}") = "documentation", "librecon\build\documentation.vcxproj", "{E9131495-7F44-4C72-B460-FF62CCD7C003}"
	ProjectSection(ProjectDependencies) = postProject
		{28819242-B803-4CC8-811C-C24E5E98128E} = {28819242-B803-4CC8-811C-C24E5E98128E}
	EndProjectSection
EndProject
Project("{8BC9CEB8-8B4A-11D0-8D11-00A0C91BC942}") = "doxygen", "librecon\build\doxygen.vcxproj", "{27706162-EE7A-4D9A-BDF1-A6039DA3AC91}"
	ProjectSection(ProjectDependencies) = postProject
		{28819242-B803-4CC8-811C-C24E5E98128E} = {28819242-B803-4CC8-811C-C24E5E98128E}
	EndProjectSection
EndProject
Project("{8BC9CEB8-8B4A-11D0-8D11-00A0C91BC942}") = "sharedlib", "librecon\build\src\sharedlib.vcxproj", "{D51D384A-CA4A-4A52-A97B-7A28617D347D}"
	ProjectSection(ProjectDependencies) = postProject
		{28819242-B803-4CC8-811C-C24E5E98128E} = {28819242-B803-4CC8-811C-C24E5E98128E}
	EndProjectSection
EndProject
Project("{8BC9CEB8-8B4A-11D0-8D11-00A0C91BC942}") = "staticlib", "librecon\build\src\staticlib.vcxproj", "{A6803D3A-00AC-4DC2-BEAE-3A6FF31A97FA}"
	ProjectSection(ProjectDependencies) = postProject
		{28819242-B803-4CC8-811C-C24E5E98128E} = {28819242-B803-4CC8-811C-C24E5E98128E}
	EndProjectSection
EndProject
Project("{2150E333-8FDC-42A3-9474-1A3956D46DE8}") = "librecon", "librecon", "{CE19C327-E3EA-4C33-B3F2-0DA6B5E9E2E6}"
EndProject
Global
	GlobalSection(SolutionConfigurationPlatforms) = preSolution
		Debug|Win32 = Debug|Win32
		MinSizeRel|Win32 = MinSizeRel|Win32
		Release|Win32 = Release|Win32
		RelWithDebInfo|Win32 = RelWithDebInfo|Win32
	EndGlobalSection
	GlobalSection(ProjectConfigurationPlatforms) = postSolution
		{7FD42DF7-442E-479A-BA76-D0022F99702A}.Debug|Win32.ActiveCfg = Debug|Win32
		{7FD42DF7-442E-479A-BA76-D0022F99702A}.Debug|Win32.Build.0 = Debug|Win32
		{7FD42DF7-442E-479A-BA76-D0022F99702A}.MinSizeRel|Win32.ActiveCfg = Release|Win32
		{7FD42DF7-442E-479A-BA76-D0022F99702A}.MinSizeRel|Win32.Build.0 = Release|Win32
		{7FD42DF7-442E-479A-BA76-D0022F99702A}.Release|Win32.ActiveCfg = Release|Win32
		{7FD42DF7-442E-479A-BA76-D0022F99702A}.Release|Win32.Build.0 = Release|Win32
		{7FD42DF7-442E-479A-BA76-D0022F99702A}.RelWithDebInfo|Win32.ActiveCfg = Release|Win32
		{7FD42DF7-442E-479A-BA76-D0022F99702A}.RelWithDebInfo|Win32.Build.0 = Release|Win32
		{5837595D-ACA9-485C-8E76-729040CE4B0B}.Debug|Win32.ActiveCfg = Debug|Win32
		{5837595D-ACA9-485C-8E76-729040CE4B0B}.Debug|Win32.Build.0 = Debug|Win32
		{5837595D-ACA9-485C-8E76-729040CE4B0B}.MinSizeRel|Win32.ActiveCfg = Release|Win32
		{5837595D-ACA9-485C-8E76-729040CE4B0B}.MinSizeRel|Win32.Build.0 = Release|Win32
		{5837595D-ACA9-485C-8E76-729040CE4B0B}.Release|Win32.ActiveCfg = Release|Win32
		{5837595D-ACA9-485C-8E76-729040CE4B0B}.Release|Win32.Build.0 = Release|Win32
		{5837595D-ACA9-485C-8E76-729040CE4B0B}.RelWithDebInfo|Win32.ActiveCfg = Release|Win32
		{5837595D-ACA9-485C-8E76-729040CE4B0B}.RelWithDebInfo|Win32.Build.0 = Release|Win32
		{C4EB29BF-D932-4771-984B-7ED6B70A6C90}.Debug|Win32.ActiveCfg = Debug|Win32
		{C4EB29BF-D932-4771-984B-7ED6B70A6C90}.Debug|Win32.Build.0 = Debug|Win32
		{C4EB29BF-D932-4771-984B-7ED6B70A6C90}.MinSizeRel|Win32.ActiveCfg = MinSizeRel|Win32
		{C4EB29BF-D932-4771-984B-7ED6B70A6C90}.MinSizeRel|Win32.Build.0 = MinSizeRel|Win32
		{C4EB29BF-D932-4771-984B-7ED6B70A6C90}.Release|Win32.ActiveCfg = Release|Win32
		{C4EB29BF-D932-4771-984B-7ED6B70A6C90}.Release|Win32.Build.0 = Release|Win32
		{C4EB29BF-D932-4771-984B-7ED6B70A6C90}.RelWithDebInfo|Win32.ActiveCfg = RelWithDebInfo|Win32
		{C4EB29BF-D932-4771-984B-7ED6B70A6C90}.RelWithDebInfo|Win32.Build.0 = RelWithDebInfo|Win32
		{85A7172F-6192-4F2B-8626-40C5E4AC5FB3}.Debug|Win32.ActiveCfg = Debug|Win32
		{85A7172F-6192-4F2B-8626-40C5E4AC5FB3}.MinSizeRel|Win32.ActiveCfg = MinSizeRel|Win32
		{85A7172F-6192-4F2B-8626-40C5E4AC5FB3}.Release|Win32.ActiveCfg = Release|Win32
		{85A7172F-6192-4F2B-8626-40C5E4AC5FB3}.RelWithDebInfo|Win32.ActiveCfg = RelWithDebInfo|Win32
		{28819242-B803-4CC8-811C-C24E5E98128E}.Debug|Win32.ActiveCfg = Debug|Win32
		{28819242-B803-4CC8-811C-C24E5E98128E}.Debug|Win32.Build.0 = Debug|Win32
		{28819242-B803-4CC8-811C-C24E5E98128E}.MinSizeRel|Win32.ActiveCfg = MinSizeRel|Win32
		{28819242-B803-4CC8-811C-C24E5E98128E}.MinSizeRel|Win32.Build.0 = MinSizeRel|Win32
		{28819242-B803-4CC8-811C-C24E5E98128E}.Release|Win32.ActiveCfg = Release|Win32
		{28819242-B803-4CC8-811C-C24E5E98128E}.Release|Win32.Build.0 = Release|Win32
		{28819242-B803-4CC8-811C-C24E5E98128E}.RelWithDebInfo|Win32.ActiveCfg = RelWithDebInfo|Win32
		{28819242-B803-4CC8-811C-C24E5E98128E}.RelWithDebInfo|Win32.Build.0 = RelWithDebInfo|Win32
		{C9DEF01C-1E0E-428C-99C4-5FD5C95273F6}.Debug|Win32.ActiveCfg = Debug|Win32
		{C9DEF01C-1E0E-428C-99C4-5FD5C95273F6}.MinSizeRel|Win32.ActiveCfg = MinSizeRel|Win32
		{C9DEF01C-1E0E-428C-99C4-5FD5C95273F6}.Release|Win32.ActiveCfg = Release|Win32
		{C9DEF01C-1E0E-428C-99C4-5FD5C95273F6}.RelWithDebInfo|Win32.ActiveCfg = RelWithDebInfo|Win32
		{E9131495-7F44-4C72-B460-FF62CCD7C003}.Debug|Win32.ActiveCfg = Debug|Win32
		{E9131495-7F44-4C72-B460-FF62CCD7C003}.MinSizeRel|Win32.ActiveCfg = MinSizeRel|Win32
		{E9131495-7F44-4C72-B460-FF62CCD7C003}.Release|Win32.ActiveCfg = Release|Win32
		{E9131495-7F44-4C72-B460-FF62CCD7C003}.RelWithDebInfo|Win32.ActiveCfg = RelWithDebInfo|Win32
		{27706162-EE7A-4D9A-BDF1-A6039DA3AC91}.Debug|Win32.ActiveCfg = Debug|Win32
		{27706162-EE7A-4D9A-BDF1-A6039DA3AC91}.MinSizeRel|Win32.ActiveCfg = MinSizeRel|Win32
		{27706162-EE7A-4D9A-BDF1-A6039DA3AC91}.Release|Win32.ActiveCfg = Release|Win32
		{27706162-EE7A-4D9A-BDF1-A6039DA3AC91}.RelWithDebInfo|Win32.ActiveCfg = RelWithDebInfo|Win32
		{D51D384A-CA4A-4A52-A97B-7A28617D347D}.Debug|Win32.ActiveCfg = Debug|Win32
		{D51D384A-CA4A-4A52-A97B-7A28617D347D}.Debug|Win32.Build.0 = Debug|Win32
		{D51D384A-CA4A-4A52-A97B-7A28617D347D}.MinSizeRel|Win32.ActiveCfg = MinSizeRel|Win32
		{D51D384A-CA4A-4A52-A97B-7A28617D347D}.MinSizeRel|Win32.Build.0 = MinSizeRel|Win32
		{D51D384A-CA4A-4A52-A97B-7A28617D347D}.Release|Win32.ActiveCfg = Release|Win32
		{D51D384A-CA4A-4A52-A97B-7A28617D347D}.Release|Win32.Build.0 = Release|Win32
		{D51D384A-CA4A-4A52-A97B-7A28617D347D}.RelWithDebInfo|Win32.ActiveCfg = RelWithDebInfo|Win32
		{D51D384A-CA4A-4A52-A97B-7A28617D347D}.RelWithDebInfo|Win32.Build.0 = RelWithDebInfo|Win32
		{A6803D3A-00AC-4DC2-BEAE-3A6FF31A97FA}.Debug|Win32.ActiveCfg = Debug|Win32
		{A6803D3A-00AC-4DC2-BEAE-3A6FF31A97FA}.Debug|Win32.Build.0 = Debug|Win32
		{A6803D3A-00AC-4DC2-BEAE-3A6FF31A97FA}.MinSizeRel|Win32.ActiveCfg = MinSizeRel|Win32
		{A6803D3A-00AC-4DC2-BEAE-3A6FF31A97FA}.MinSizeRel|Win32.Build.0 = MinSizeRel|Win32
		{A6803D3A-00AC-4DC2-BEAE-3A6FF31A97FA}.Release|Win32.ActiveCfg = Release|Win32
		{A6803D3A-00AC-4DC2-BEAE-3A6FF31A97FA}.Release|Win32.Build.0 = Release|Win32
		{A6803D3A-00AC-4DC2-BEAE-3A6FF31A97FA}.RelWithDebInfo|Win32.ActiveCfg = RelWithDebInfo|Win32
		{A6803D3A-00AC-4DC2-BEAE-3A6FF31A97FA}.RelWithDebInfo|Win32.Build.0 = RelWithDebInfo|Win32
	EndGlobalSection
	GlobalSection(SolutionProperties) = preSolution
		HideSolutionNode = FALSE
	EndGlobalSection
	GlobalSection(NestedProjects) = preSolution
		{C4EB29BF-D932-4771-984B-7ED6B70A6C90} = {CE19C327-E3EA-4C33-B3F2-0DA6B5E9E2E6}
		{C9DEF01C-1E0E-428C-99C4-5FD5C95273F6} = {CE19C327-E3EA-4C33-B3F2-0DA6B5E9E2E6}
		{E9131495-7F44-4C72-B460-FF62CCD7C003} = {CE19C327-E3EA-4C33-B3F2-0DA6B5E9E2E6}
		{27706162-EE7A-4D9A-BDF1-A6039DA3AC91} = {CE19C327-E3EA-4C33-B3F2-0DA6B5E9E2E6}
		{85A7172F-6192-4F2B-8626-40C5E4AC5FB3} = {CE19C327-E3EA-4C33-B3F2-0DA6B5E9E2E6}
		{D51D384A-CA4A-4A52-A97B-7A28617D347D} = {CE19C327-E3EA-4C33-B3F2-0DA6B5E9E2E6}
		{A6803D3A-00AC-4DC2-BEAE-3A6FF31A97FA} = {CE19C327-E3EA-4C33-B3F2-0DA6B5E9E2E6}
		{28819242-B803-4CC8-811C-C24E5E98128E} = {CE19C327-E3EA-4C33-B3F2-0DA6B5E9E2E6}
	EndGlobalSection
EndGlobal
