Microsoft Visual Studio Solution File, Format Version 12.00
# Visual Studio 2012
Project("{8BC9CEB8-8B4A-11D0-8D11-00A0C91BC942}") = "i2e_user_reconstruction", "i2e_user_reconstruction.vcxproj", "{7FD42DF7-442E-479A-BA76-D0022F99702A}"
EndProject
Project("{8BC9CEB8-8B4A-11D0-8D11-00A0C91BC942}") = "openframeworksLib", "..\..\..\libs\openFrameworksCompiled\project\vs\openframeworksLib.vcxproj", "{5837595D-ACA9-485C-8E76-729040CE4B0B}"
EndProject
Project("{2150E333-8FDC-42A3-9474-1A3956D46DE8}") = "librecon", "librecon", "{E7D809FD-81A5-4B7E-9D95-486C2F6BEDC1}"
EndProject
Project("{8BC9CEB8-8B4A-11D0-8D11-00A0C91BC942}") = "ALL_BUILD", "librecon\build\ALL_BUILD.vcxproj", "{DD3B2F14-CB8B-4C67-AFA7-572C6F9BD498}"
	ProjectSection(ProjectDependencies) = postProject
		{C5263CF3-9E1D-4DD6-94E1-E9B33425F7CD} = {C5263CF3-9E1D-4DD6-94E1-E9B33425F7CD}
		{CE13D26C-F4B4-47BD-866A-3DE364EDD454} = {CE13D26C-F4B4-47BD-866A-3DE364EDD454}
		{2D1AE402-2AE8-435A-8C21-EB43777F5A26} = {2D1AE402-2AE8-435A-8C21-EB43777F5A26}
	EndProjectSection
EndProject
Project("{8BC9CEB8-8B4A-11D0-8D11-00A0C91BC942}") = "INSTALL", "librecon\build\INSTALL.vcxproj", "{968B1166-40FF-441E-9FF7-1E6B868FC67E}"
	ProjectSection(ProjectDependencies) = postProject
		{DD3B2F14-CB8B-4C67-AFA7-572C6F9BD498} = {DD3B2F14-CB8B-4C67-AFA7-572C6F9BD498}
	EndProjectSection
EndProject
Project("{8BC9CEB8-8B4A-11D0-8D11-00A0C91BC942}") = "ZERO_CHECK", "librecon\build\ZERO_CHECK.vcxproj", "{C5263CF3-9E1D-4DD6-94E1-E9B33425F7CD}"
EndProject
Project("{8BC9CEB8-8B4A-11D0-8D11-00A0C91BC942}") = "docs", "librecon\build\docs.vcxproj", "{920FE493-2690-4634-BE7E-9B86C2FB0BE3}"
	ProjectSection(ProjectDependencies) = postProject
		{C5263CF3-9E1D-4DD6-94E1-E9B33425F7CD} = {C5263CF3-9E1D-4DD6-94E1-E9B33425F7CD}
	EndProjectSection
EndProject
Project("{8BC9CEB8-8B4A-11D0-8D11-00A0C91BC942}") = "documentation", "librecon\build\documentation.vcxproj", "{BF58C344-380C-41B9-A61F-59A4E251E518}"
	ProjectSection(ProjectDependencies) = postProject
		{C5263CF3-9E1D-4DD6-94E1-E9B33425F7CD} = {C5263CF3-9E1D-4DD6-94E1-E9B33425F7CD}
	EndProjectSection
EndProject
Project("{8BC9CEB8-8B4A-11D0-8D11-00A0C91BC942}") = "doxygen", "librecon\build\doxygen.vcxproj", "{A048F792-181E-4BEE-8A18-CDEBCAEE4C84}"
	ProjectSection(ProjectDependencies) = postProject
		{C5263CF3-9E1D-4DD6-94E1-E9B33425F7CD} = {C5263CF3-9E1D-4DD6-94E1-E9B33425F7CD}
	EndProjectSection
EndProject
Project("{8BC9CEB8-8B4A-11D0-8D11-00A0C91BC942}") = "sharedlib", "librecon\build\src\sharedlib.vcxproj", "{CE13D26C-F4B4-47BD-866A-3DE364EDD454}"
	ProjectSection(ProjectDependencies) = postProject
		{C5263CF3-9E1D-4DD6-94E1-E9B33425F7CD} = {C5263CF3-9E1D-4DD6-94E1-E9B33425F7CD}
	EndProjectSection
EndProject
Project("{8BC9CEB8-8B4A-11D0-8D11-00A0C91BC942}") = "staticlib", "librecon\build\src\staticlib.vcxproj", "{2D1AE402-2AE8-435A-8C21-EB43777F5A26}"
	ProjectSection(ProjectDependencies) = postProject
		{C5263CF3-9E1D-4DD6-94E1-E9B33425F7CD} = {C5263CF3-9E1D-4DD6-94E1-E9B33425F7CD}
	EndProjectSection
EndProject
Global
	GlobalSection(SolutionConfigurationPlatforms) = preSolution
		Debug|Win32 = Debug|Win32
		MinSizeRel|Win32 = MinSizeRel|Win32
		Release|Win32 = Release|Win32
		RelWithDebInfo|Win32 = RelWithDebInfo|Win32
	EndGlobalSection
	GlobalSection(ProjectConfigurationPlatforms) = postSolution
		{7FD42DF7-442E-479A-BA76-D0022F99702A}.Debug|Win32.ActiveCfg = Debug|Win32
		{7FD42DF7-442E-479A-BA76-D0022F99702A}.Debug|Win32.Build.0 = Debug|Win32
		{7FD42DF7-442E-479A-BA76-D0022F99702A}.MinSizeRel|Win32.ActiveCfg = Release|Win32
		{7FD42DF7-442E-479A-BA76-D0022F99702A}.MinSizeRel|Win32.Build.0 = Release|Win32
		{7FD42DF7-442E-479A-BA76-D0022F99702A}.Release|Win32.ActiveCfg = Release|Win32
		{7FD42DF7-442E-479A-BA76-D0022F99702A}.Release|Win32.Build.0 = Release|Win32
		{7FD42DF7-442E-479A-BA76-D0022F99702A}.RelWithDebInfo|Win32.ActiveCfg = Release|Win32
		{7FD42DF7-442E-479A-BA76-D0022F99702A}.RelWithDebInfo|Win32.Build.0 = Release|Win32
		{5837595D-ACA9-485C-8E76-729040CE4B0B}.Debug|Win32.ActiveCfg = Debug|Win32
		{5837595D-ACA9-485C-8E76-729040CE4B0B}.Debug|Win32.Build.0 = Debug|Win32
		{5837595D-ACA9-485C-8E76-729040CE4B0B}.MinSizeRel|Win32.ActiveCfg = Release|Win32
		{5837595D-ACA9-485C-8E76-729040CE4B0B}.MinSizeRel|Win32.Build.0 = Release|Win32
		{5837595D-ACA9-485C-8E76-729040CE4B0B}.Release|Win32.ActiveCfg = Release|Win32
		{5837595D-ACA9-485C-8E76-729040CE4B0B}.Release|Win32.Build.0 = Release|Win32
		{5837595D-ACA9-485C-8E76-729040CE4B0B}.RelWithDebInfo|Win32.ActiveCfg = Release|Win32
		{5837595D-ACA9-485C-8E76-729040CE4B0B}.RelWithDebInfo|Win32.Build.0 = Release|Win32
		{DD3B2F14-CB8B-4C67-AFA7-572C6F9BD498}.Debug|Win32.ActiveCfg = Debug|Win32
		{DD3B2F14-CB8B-4C67-AFA7-572C6F9BD498}.Debug|Win32.Build.0 = Debug|Win32
		{DD3B2F14-CB8B-4C67-AFA7-572C6F9BD498}.MinSizeRel|Win32.ActiveCfg = MinSizeRel|Win32
		{DD3B2F14-CB8B-4C67-AFA7-572C6F9BD498}.MinSizeRel|Win32.Build.0 = MinSizeRel|Win32
		{DD3B2F14-CB8B-4C67-AFA7-572C6F9BD498}.Release|Win32.ActiveCfg = Release|Win32
		{DD3B2F14-CB8B-4C67-AFA7-572C6F9BD498}.Release|Win32.Build.0 = Release|Win32
		{DD3B2F14-CB8B-4C67-AFA7-572C6F9BD498}.RelWithDebInfo|Win32.ActiveCfg = RelWithDebInfo|Win32
		{DD3B2F14-CB8B-4C67-AFA7-572C6F9BD498}.RelWithDebInfo|Win32.Build.0 = RelWithDebInfo|Win32
		{968B1166-40FF-441E-9FF7-1E6B868FC67E}.Debug|Win32.ActiveCfg = Debug|Win32
		{968B1166-40FF-441E-9FF7-1E6B868FC67E}.MinSizeRel|Win32.ActiveCfg = MinSizeRel|Win32
		{968B1166-40FF-441E-9FF7-1E6B868FC67E}.Release|Win32.ActiveCfg = Release|Win32
		{968B1166-40FF-441E-9FF7-1E6B868FC67E}.RelWithDebInfo|Win32.ActiveCfg = RelWithDebInfo|Win32
		{C5263CF3-9E1D-4DD6-94E1-E9B33425F7CD}.Debug|Win32.ActiveCfg = Debug|Win32
		{C5263CF3-9E1D-4DD6-94E1-E9B33425F7CD}.Debug|Win32.Build.0 = Debug|Win32
		{C5263CF3-9E1D-4DD6-94E1-E9B33425F7CD}.MinSizeRel|Win32.ActiveCfg = MinSizeRel|Win32
		{C5263CF3-9E1D-4DD6-94E1-E9B33425F7CD}.MinSizeRel|Win32.Build.0 = MinSizeRel|Win32
		{C5263CF3-9E1D-4DD6-94E1-E9B33425F7CD}.Release|Win32.ActiveCfg = Release|Win32
		{C5263CF3-9E1D-4DD6-94E1-E9B33425F7CD}.Release|Win32.Build.0 = Release|Win32
		{C5263CF3-9E1D-4DD6-94E1-E9B33425F7CD}.RelWithDebInfo|Win32.ActiveCfg = RelWithDebInfo|Win32
		{C5263CF3-9E1D-4DD6-94E1-E9B33425F7CD}.RelWithDebInfo|Win32.Build.0 = RelWithDebInfo|Win32
		{920FE493-2690-4634-BE7E-9B86C2FB0BE3}.Debug|Win32.ActiveCfg = Debug|Win32
		{920FE493-2690-4634-BE7E-9B86C2FB0BE3}.MinSizeRel|Win32.ActiveCfg = MinSizeRel|Win32
		{920FE493-2690-4634-BE7E-9B86C2FB0BE3}.Release|Win32.ActiveCfg = Release|Win32
		{920FE493-2690-4634-BE7E-9B86C2FB0BE3}.RelWithDebInfo|Win32.ActiveCfg = RelWithDebInfo|Win32
		{BF58C344-380C-41B9-A61F-59A4E251E518}.Debug|Win32.ActiveCfg = Debug|Win32
		{BF58C344-380C-41B9-A61F-59A4E251E518}.MinSizeRel|Win32.ActiveCfg = MinSizeRel|Win32
		{BF58C344-380C-41B9-A61F-59A4E251E518}.Release|Win32.ActiveCfg = Release|Win32
		{BF58C344-380C-41B9-A61F-59A4E251E518}.RelWithDebInfo|Win32.ActiveCfg = RelWithDebInfo|Win32
		{A048F792-181E-4BEE-8A18-CDEBCAEE4C84}.Debug|Win32.ActiveCfg = Debug|Win32
		{A048F792-181E-4BEE-8A18-CDEBCAEE4C84}.MinSizeRel|Win32.ActiveCfg = MinSizeRel|Win32
		{A048F792-181E-4BEE-8A18-CDEBCAEE4C84}.Release|Win32.ActiveCfg = Release|Win32
		{A048F792-181E-4BEE-8A18-CDEBCAEE4C84}.RelWithDebInfo|Win32.ActiveCfg = RelWithDebInfo|Win32
		{CE13D26C-F4B4-47BD-866A-3DE364EDD454}.Debug|Win32.ActiveCfg = Debug|Win32
		{CE13D26C-F4B4-47BD-866A-3DE364EDD454}.Debug|Win32.Build.0 = Debug|Win32
		{CE13D26C-F4B4-47BD-866A-3DE364EDD454}.MinSizeRel|Win32.ActiveCfg = MinSizeRel|Win32
		{CE13D26C-F4B4-47BD-866A-3DE364EDD454}.MinSizeRel|Win32.Build.0 = MinSizeRel|Win32
		{CE13D26C-F4B4-47BD-866A-3DE364EDD454}.Release|Win32.ActiveCfg = Release|Win32
		{CE13D26C-F4B4-47BD-866A-3DE364EDD454}.Release|Win32.Build.0 = Release|Win32
		{CE13D26C-F4B4-47BD-866A-3DE364EDD454}.RelWithDebInfo|Win32.ActiveCfg = RelWithDebInfo|Win32
		{CE13D26C-F4B4-47BD-866A-3DE364EDD454}.RelWithDebInfo|Win32.Build.0 = RelWithDebInfo|Win32
		{2D1AE402-2AE8-435A-8C21-EB43777F5A26}.Debug|Win32.ActiveCfg = Debug|Win32
		{2D1AE402-2AE8-435A-8C21-EB43777F5A26}.Debug|Win32.Build.0 = Debug|Win32
		{2D1AE402-2AE8-435A-8C21-EB43777F5A26}.MinSizeRel|Win32.ActiveCfg = MinSizeRel|Win32
		{2D1AE402-2AE8-435A-8C21-EB43777F5A26}.MinSizeRel|Win32.Build.0 = MinSizeRel|Win32
		{2D1AE402-2AE8-435A-8C21-EB43777F5A26}.Release|Win32.ActiveCfg = Release|Win32
		{2D1AE402-2AE8-435A-8C21-EB43777F5A26}.Release|Win32.Build.0 = Release|Win32
		{2D1AE402-2AE8-435A-8C21-EB43777F5A26}.RelWithDebInfo|Win32.ActiveCfg = RelWithDebInfo|Win32
		{2D1AE402-2AE8-435A-8C21-EB43777F5A26}.RelWithDebInfo|Win32.Build.0 = RelWithDebInfo|Win32
	EndGlobalSection
	GlobalSection(SolutionProperties) = preSolution
		HideSolutionNode = FALSE
	EndGlobalSection
	GlobalSection(NestedProjects) = preSolution
		{DD3B2F14-CB8B-4C67-AFA7-572C6F9BD498} = {E7D809FD-81A5-4B7E-9D95-486C2F6BEDC1}
		{968B1166-40FF-441E-9FF7-1E6B868FC67E} = {E7D809FD-81A5-4B7E-9D95-486C2F6BEDC1}
		{C5263CF3-9E1D-4DD6-94E1-E9B33425F7CD} = {E7D809FD-81A5-4B7E-9D95-486C2F6BEDC1}
		{920FE493-2690-4634-BE7E-9B86C2FB0BE3} = {E7D809FD-81A5-4B7E-9D95-486C2F6BEDC1}
		{BF58C344-380C-41B9-A61F-59A4E251E518} = {E7D809FD-81A5-4B7E-9D95-486C2F6BEDC1}
		{A048F792-181E-4BEE-8A18-CDEBCAEE4C84} = {E7D809FD-81A5-4B7E-9D95-486C2F6BEDC1}
		{CE13D26C-F4B4-47BD-866A-3DE364EDD454} = {E7D809FD-81A5-4B7E-9D95-486C2F6BEDC1}
		{2D1AE402-2AE8-435A-8C21-EB43777F5A26} = {E7D809FD-81A5-4B7E-9D95-486C2F6BEDC1}
	EndGlobalSection
EndGlobal
